// !$*UTF8*$!
{
	archiveVersion = 1;
	classes = {
	};
	objectVersion = 46;
	objects = {

/* Begin PBXBuildFile section */
		5526D8E11ECA826900D1209D /* GroceryListTableViewController.swift in Sources */ = {isa = PBXBuildFile; fileRef = 5526D8E01ECA826900D1209D /* GroceryListTableViewController.swift */; };
		553E422C1ECA009700211EE7 /* AppDelegate.swift in Sources */ = {isa = PBXBuildFile; fileRef = 553E422B1ECA009700211EE7 /* AppDelegate.swift */; };
		553E42311ECA009700211EE7 /* Main.storyboard in Resources */ = {isa = PBXBuildFile; fileRef = 553E422F1ECA009700211EE7 /* Main.storyboard */; };
		553E42341ECA009700211EE7 /* Grocery_List.xcdatamodeld in Sources */ = {isa = PBXBuildFile; fileRef = 553E42321ECA009700211EE7 /* Grocery_List.xcdatamodeld */; };
		553E42361ECA009700211EE7 /* Assets.xcassets in Resources */ = {isa = PBXBuildFile; fileRef = 553E42351ECA009700211EE7 /* Assets.xcassets */; };
		553E42391ECA009700211EE7 /* LaunchScreen.storyboard in Resources */ = {isa = PBXBuildFile; fileRef = 553E42371ECA009700211EE7 /* LaunchScreen.storyboard */; };
/* End PBXBuildFile section */

/* Begin PBXFileReference section */
		5526D8E01ECA826900D1209D /* GroceryListTableViewController.swift */ = {isa = PBXFileReference; fileEncoding = 4; lastKnownFileType = sourcecode.swift; path = GroceryListTableViewController.swift; sourceTree = "<group>"; };
		553E42281ECA009700211EE7 /* Grocery List.app */ = {isa = PBXFileReference; explicitFileType = wrapper.application; includeInIndex = 0; path = "Grocery List.app"; sourceTree = BUILT_PRODUCTS_DIR; };
		553E422B1ECA009700211EE7 /* AppDelegate.swift */ = {isa = PBXFileReference; lastKnownFileType = sourcecode.swift; path = AppDelegate.swift; sourceTree = "<group>"; };
		553E42301ECA009700211EE7 /* Base */ = {isa = PBXFileReference; lastKnownFileType = file.storyboard; name = Base; path = Base.lproj/Main.storyboard; sourceTree = "<group>"; };
		553E42331ECA009700211EE7 /* Grocery_List.xcdatamodel */ = {isa = PBXFileReference; lastKnownFileType = wrapper.xcdatamodel; path = Grocery_List.xcdatamodel; sourceTree = "<group>"; };
		553E42351ECA009700211EE7 /* Assets.xcassets */ = {isa = PBXFileReference; lastKnownFileType = folder.assetcatalog; path = Assets.xcassets; sourceTree = "<group>"; };
		553E42381ECA009700211EE7 /* Base */ = {isa = PBXFileReference; lastKnownFileType = file.storyboard; name = Base; path = Base.lproj/LaunchScreen.storyboard; sourceTree = "<group>"; };
		553E423A1ECA009700211EE7 /* Info.plist */ = {isa = PBXFileReference; lastKnownFileType = text.plist.xml; path = Info.plist; sourceTree = "<group>"; };
/* End PBXFileReference section */

/* Begin PBXFrameworksBuildPhase section */
		553E42251ECA009700211EE7 /* Frameworks */ = {
			isa = PBXFrameworksBuildPhase;
			buildActionMask = 2147483647;
			files = (
			);
			runOnlyForDeploymentPostprocessing = 0;
		};
/* End PBXFrameworksBuildPhase section */

/* Begin PBXGroup section */
		553E421F1ECA009600211EE7 = {
			isa = PBXGroup;
			children = (
				553E422A1ECA009700211EE7 /* Grocery List */,
				553E42291ECA009700211EE7 /* Products */,
			);
			sourceTree = "<group>";
		};
		553E42291ECA009700211EE7 /* Products */ = {
			isa = PBXGroup;
			children = (
				553E42281ECA009700211EE7 /* Grocery List.app */,
			);
			name = Products;
			sourceTree = "<group>";
		};
		553E422A1ECA009700211EE7 /* Grocery List */ = {
			isa = PBXGroup;
			children = (
				553E422B1ECA009700211EE7 /* AppDelegate.swift */,
				553E422F1ECA009700211EE7 /* Main.storyboard */,
				553E42351ECA009700211EE7 /* Assets.xcassets */,
				553E42371ECA009700211EE7 /* LaunchScreen.storyboard */,
				553E423A1ECA009700211EE7 /* Info.plist */,
				553E42321ECA009700211EE7 /* Grocery_List.xcdatamodeld */,
				5526D8E01ECA826900D1209D /* GroceryListTableViewController.swift */,
			);
			path = "Grocery List";
			sourceTree = "<group>";
		};
/* End PBXGroup section */

/* Begin PBXNativeTarget section */
		553E42271ECA009700211EE7 /* Grocery List */ = {
			isa = PBXNativeTarget;
			buildConfigurationList = 553E423D1ECA009800211EE7 /* Build configuration list for PBXNativeTarget "Grocery List" */;
			buildPhases = (
				553E42241ECA009700211EE7 /* Sources */,
				553E42251ECA009700211EE7 /* Frameworks */,
				553E42261ECA009700211EE7 /* Resources */,
			);
			buildRules = (
			);
			dependencies = (
			);
			name = "Grocery List";
			productName = "Grocery List";
			productReference = 553E42281ECA009700211EE7 /* Grocery List.app */;
			productType = "com.apple.product-type.application";
		};
/* End PBXNativeTarget section */

/* Begin PBXProject section */
		553E42201ECA009700211EE7 /* Project object */ = {
			isa = PBXProject;
			attributes = {
				LastSwiftUpdateCheck = 0830;
				LastUpgradeCheck = 0830;
				ORGANIZATIONNAME = "Richard Garrison";
				TargetAttributes = {
					553E42271ECA009700211EE7 = {
						CreatedOnToolsVersion = 8.3.2;
						DevelopmentTeam = R27EL9WB63;
						ProvisioningStyle = Automatic;
					};
				};
			};
			buildConfigurationList = 553E42231ECA009700211EE7 /* Build configuration list for PBXProject "Grocery List" */;
			compatibilityVersion = "Xcode 3.2";
			developmentRegion = English;
			hasScannedForEncodings = 0;
			knownRegions = (
				en,
				Base,
			);
			mainGroup = 553E421F1ECA009600211EE7;
			productRefGroup = 553E42291ECA009700211EE7 /* Products */;
			projectDirPath = "";
			projectRoot = "";
			targets = (
				553E42271ECA009700211EE7 /* Grocery List */,
			);
		};
/* End PBXProject section */

/* Begin PBXResourcesBuildPhase section */
		553E42261ECA009700211EE7 /* Resources */ = {
			isa = PBXResourcesBuildPhase;
			buildActionMask = 2147483647;
			files = (
				553E42391ECA009700211EE7 /* LaunchScreen.storyboard in Resources */,
				553E42361ECA009700211EE7 /* Assets.xcassets in Resources */,
				553E42311ECA009700211EE7 /* Main.storyboard in Resources */,
			);
			runOnlyForDeploymentPostprocessing = 0;
		};
/* End PBXResourcesBuildPhase section */

/* Begin PBXSourcesBuildPhase section */
		553E42241ECA009700211EE7 /* Sources */ = {
			isa = PBXSourcesBuildPhase;
			buildActionMask = 2147483647;
			files = (
				553E422C1ECA009700211EE7 /* AppDelegate.swift in Sources */,
				5526D8E11ECA826900D1209D /* GroceryListTableViewController.swift in Sources */,
				553E42341ECA009700211EE7 /* Grocery_List.xcdatamodeld in Sources */,
			);
			runOnlyForDeploymentPostprocessing = 0;
		};
/* End PBXSourcesBuildPhase section */

/* Begin PBXVariantGroup section */
		553E422F1ECA009700211EE7 /* Main.storyboard */ = {
			isa = PBXVariantGroup;
			children = (
				553E42301ECA009700211EE7 /* Base */,
			);
			name = Main.storyboard;
			sourceTree = "<group>";
		};
		553E42371ECA009700211EE7 /* LaunchScreen.storyboard */ = {
			isa = PBXVariantGroup;
			children = (
				553E42381ECA009700211EE7 /* Base */,
			);
			name = LaunchScreen.storyboard;
			sourceTree = "<group>";
		};
/* End PBXVariantGroup section */

/* Begin XCBuildConfiguration section */
		553E423B1ECA009800211EE7 /* Debug */ = {
			isa = XCBuildConfiguration;
			buildSettings = {
				ALWAYS_SEARCH_USER_PATHS = NO;
				CLANG_ANALYZER_NONNULL = YES;
				CLANG_ANALYZER_NUMBER_OBJECT_CONVERSION = YES_AGGRESSIVE;
				CLANG_CXX_LANGUAGE_STANDARD = "gnu++0x";
				CLANG_CXX_LIBRARY = "libc++";
				CLANG_ENABLE_MODULES = YES;
				CLANG_ENABLE_OBJC_ARC = YES;
				CLANG_WARN_BOOL_CONVERSION = YES;
				CLANG_WARN_CONSTANT_CONVERSION = YES;
				CLANG_WARN_DIRECT_OBJC_ISA_USAGE = YES_ERROR;
				CLANG_WARN_DOCUMENTATION_COMMENTS = YES;
				CLANG_WARN_EMPTY_BODY = YES;
				CLANG_WARN_ENUM_CONVERSION = YES;
				CLANG_WARN_INFINITE_RECURSION = YES;
				CLANG_WARN_INT_CONVERSION = YES;
				CLANG_WARN_OBJC_ROOT_CLASS = YES_ERROR;
				CLANG_WARN_SUSPICIOUS_MOVE = YES;
				CLANG_WARN_UNREACHABLE_CODE = YES;
				CLANG_WARN__DUPLICATE_METHOD_MATCH = YES;
				"CODE_SIGN_IDENTITY[sdk=iphoneos*]" = "iPhone Developer";
				COPY_PHASE_STRIP = NO;
				DEBUG_INFORMATION_FORMAT = dwarf;
				ENABLE_STRICT_OBJC_MSGSEND = YES;
				ENABLE_TESTABILITY = YES;
				GCC_C_LANGUAGE_STANDARD = gnu99;
				GCC_DYNAMIC_NO_PIC = NO;
				GCC_NO_COMMON_BLOCKS = YES;
				GCC_OPTIMIZATION_LEVEL = 0;
				GCC_PREPROCESSOR_DEFINITIONS = (
					"DEBUG=1",
					"$(inherited)",
				);
				GCC_WARN_64_TO_32_BIT_CONVERSION = YES;
				GCC_WARN_ABOUT_RETURN_TYPE = YES_ERROR;
				GCC_WARN_UNDECLARED_SELECTOR = YES;
				GCC_WARN_UNINITIALIZED_AUTOS = YES_AGGRESSIVE;
				GCC_WARN_UNUSED_FUNCTION = YES;
				GCC_WARN_UNUSED_VARIABLE = YES;
				IPHONEOS_DEPLOYMENT_TARGET = 10.3;
				MTL_ENABLE_DEBUG_INFO = YES;
				ONLY_ACTIVE_ARCH = YES;
				SDKROOT = iphoneos;
				SWIFT_ACTIVE_COMPILATION_CONDITIONS = DEBUG;
				SWIFT_OPTIMIZATION_LEVEL = "-Onone";
			};
			name = Debug;
		};
		553E423C1ECA009800211EE7 /* Release */ = {
			isa = XCBuildConfiguration;
			buildSettings = {
				ALWAYS_SEARCH_USER_PATHS = NO;
				CLANG_ANALYZER_NONNULL = YES;
				CLANG_ANALYZER_NUMBER_OBJECT_CONVERSION = YES_AGGRESSIVE;
				CLANG_CXX_LANGUAGE_STANDARD = "gnu++0x";
				CLANG_CXX_LIBRARY = "libc++";
				CLANG_ENABLE_MODULES = YES;
				CLANG_ENABLE_OBJC_ARC = YES;
				CLANG_WARN_BOOL_CONVERSION = YES;
				CLANG_WARN_CONSTANT_CONVERSION = YES;
				CLANG_WARN_DIRECT_OBJC_ISA_USAGE = YES_ERROR;
				CLANG_WARN_DOCUMENTATION_COMMENTS = YES;
				CLANG_WARN_EMPTY_BODY = YES;
				CLANG_WARN_ENUM_CONVERSION = YES;
				CLANG_WARN_INFINITE_RECURSION = YES;
				CLANG_WARN_INT_CONVERSION = YES;
				CLANG_WARN_OBJC_ROOT_CLASS = YES_ERROR;
				CLANG_WARN_SUSPICIOUS_MOVE = YES;
				CLANG_WARN_UNREACHABLE_CODE = YES;
				CLANG_WARN__DUPLICATE_METHOD_MATCH = YES;
				"CODE_SIGN_IDENTITY[sdk=iphoneos*]" = "iPhone Developer";
				COPY_PHASE_STRIP = NO;
				DEBUG_INFORMATION_FORMAT = "dwarf-with-dsym";
				ENABLE_NS_ASSERTIONS = NO;
				ENABLE_STRICT_OBJC_MSGSEND = YES;
				GCC_C_LANGUAGE_STANDARD = gnu99;
				GCC_NO_COMMON_BLOCKS = YES;
				GCC_WARN_64_TO_32_BIT_CONVERSION = YES;
				GCC_WARN_ABOUT_RETURN_TYPE = YES_ERROR;
				GCC_WARN_UNDECLARED_SELECTOR = YES;
				GCC_WARN_UNINITIALIZED_AUTOS = YES_AGGRESSIVE;
				GCC_WARN_UNUSED_FUNCTION = YES;
				GCC_WARN_UNUSED_VARIABLE = YES;
				IPHONEOS_DEPLOYMENT_TARGET = 10.3;
				MTL_ENABLE_DEBUG_INFO = NO;
				SDKROOT = iphoneos;
				SWIFT_OPTIMIZATION_LEVEL = "-Owholemodule";
				VALIDATE_PRODUCT = YES;
			};
			name = Release;
		};
		553E423E1ECA009800211EE7 /* Debug */ = {
			isa = XCBuildConfiguration;
			buildSettings = {
				ASSETCATALOG_COMPILER_APPICON_NAME = AppIcon;
				DEVELOPMENT_TEAM = R27EL9WB63;
				INFOPLIST_FILE = "Grocery List/Info.plist";
				LD_RUNPATH_SEARCH_PATHS = "$(inherited) @executable_path/Frameworks";
				PRODUCT_BUNDLE_IDENTIFIER = "com.example.Garrison.Grocery-List";
				PRODUCT_NAME = "$(TARGET_NAME)";
				SWIFT_VERSION = 3.0;
			};
			name = Debug;
		};
		553E423F1ECA009800211EE7 /* Release */ = {
			isa = XCBuildConfiguration;
			buildSettings = {
				ASSETCATALOG_COMPILER_APPICON_NAME = AppIcon;
				DEVELOPMENT_TEAM = R27EL9WB63;
				INFOPLIST_FILE = "Grocery List/Info.plist";
				LD_RUNPATH_SEARCH_PATHS = "$(inherited) @executable_path/Frameworks";
				PRODUCT_BUNDLE_IDENTIFIER = "com.example.Garrison.Grocery-List";
				PRODUCT_NAME = "$(TARGET_NAME)";
				SWIFT_VERSION = 3.0;
			};
			name = Release;
		};
/* End XCBuildConfiguration section */

/* Begin XCConfigurationList section */
		553E42231ECA009700211EE7 /* Build configuration list for PBXProject "Grocery List" */ = {
			isa = XCConfigurationList;
			buildConfigurations = (
				553E423B1ECA009800211EE7 /* Debug */,
				553E423C1ECA009800211EE7 /* Release */,
			);
			defaultConfigurationIsVisible = 0;
			defaultConfigurationName = Release;
		};
		553E423D1ECA009800211EE7 /* Build configuration list for PBXNativeTarget "Grocery List" */ = {
			isa = XCConfigurationList;
			buildConfigurations = (
				553E423E1ECA009800211EE7 /* Debug */,
				553E423F1ECA009800211EE7 /* Release */,
			);
			defaultConfigurationIsVisible = 0;
			defaultConfigurationName = Release;
		};
/* End XCConfigurationList section */

/* Begin XCVersionGroup section */
		553E42321ECA009700211EE7 /* Grocery_List.xcdatamodeld */ = {
			isa = XCVersionGroup;
			children = (
				553E42331ECA009700211EE7 /* Grocery_List.xcdatamodel */,
			);
			currentVersion = 553E42331ECA009700211EE7 /* Grocery_List.xcdatamodel */;
			path = Grocery_List.xcdatamodeld;
			sourceTree = "<group>";
			versionGroupType = wrapper.xcdatamodel;
		};
/* End XCVersionGroup section */
	};
	rootObject = 553E42201ECA009700211EE7 /* Project object */;
}
